PODS:
  - Nimble (4.0.0)
  - Quick (0.9.2)
  - SwiftLayoutConstraints (0.1.0)

DEPENDENCIES:
  - Nimble (~> 4.0)
  - Quick (~> 0.9)
  - SwiftLayoutConstraints (from `../`)

EXTERNAL SOURCES:
  SwiftLayoutConstraints:
    :path: "../"

SPEC CHECKSUMS:
  Nimble: 72bcc3e2f02242e6bfaaf8d9412ca7bfe3d8b417
  Quick: 18d057bc66451eedd5d1c8dc99ba2a5db6e60226
  SwiftLayoutConstraints: fb3ca42aba6936ae35f84b309b33c20751ae7015

PODFILE CHECKSUM: 8f8fcdc6b78c2e73a1e82f98c3ec380f6999b89d

COCOAPODS: 1.0.1
